
Microsoft Visual Studio Solution File, Format Version 12.00
# Visual Studio Version 16
VisualStudioVersion = 16.0.30523.141
MinimumVisualStudioVersion = 10.0.40219.1
Project("{FAE04EC0-301F-11D3-BF4B-00C04F79EFBC}") = "task 7", "task 7.csproj", "{CCB6EB54-0925-428E-B152-78C7D7C747EA}"
EndProject
Global
	GlobalSection(SolutionConfigurationPlatforms) = preSolution
		Debug|Any CPU = Debug|Any CPU
		Release|Any CPU = Release|Any CPU
	EndGlobalSection
	GlobalSection(ProjectConfigurationPlatforms) = postSolution
		{CCB6EB54-0925-428E-B152-78C7D7C747EA}.Debug|Any CPU.ActiveCfg = Debug|Any CPU
		{CCB6EB54-0925-428E-B152-78C7D7C747EA}.Debug|Any CPU.Build.0 = Debug|Any CPU
		{CCB6EB54-0925-428E-B152-78C7D7C747EA}.Release|Any CPU.ActiveCfg = Release|Any CPU
		{CCB6EB54-0925-428E-B152-78C7D7C747EA}.Release|Any CPU.Build.0 = Release|Any CPU
	EndGlobalSection
	GlobalSection(SolutionProperties) = preSolution
		HideSolutionNode = FALSE
	EndGlobalSection
	GlobalSection(ExtensibilityGlobals) = postSolution
		SolutionGuid = {C64BCEB1-D387-4FE3-A2B6-A9D0B6AE9264}
	EndGlobalSection
EndGlobal
